
Microsoft Visual Studio Solution File, Format Version 12.00
# Visual Studio Version 17
VisualStudioVersion = 17.0.32014.148
MinimumVisualStudioVersion = 10.0.40219.1
Project("{FAE04EC0-301F-11D3-BF4B-00C04F79EFBC}") = "graf", "graf.csproj", "{E91680C7-C4E2-46D0-B470-7B6FD8445927}"
EndProject
Project("{2150E333-8FDC-42A3-9474-1A3956D46DE8}") = "Solution Items", "Solution Items", "{A6603A81-7E7B-4963-BF6A-F315E5333304}"
EndProject
Global
	GlobalSection(SolutionConfigurationPlatforms) = preSolution
		Debug|Any CPU = Debug|Any CPU
		Release|Any CPU = Release|Any CPU
	EndGlobalSection
	GlobalSection(ProjectConfigurationPlatforms) = postSolution
		{E91680C7-C4E2-46D0-B470-7B6FD8445927}.Debug|Any CPU.ActiveCfg = Debug|Any CPU
		{E91680C7-C4E2-46D0-B470-7B6FD8445927}.Debug|Any CPU.Build.0 = Debug|Any CPU
		{E91680C7-C4E2-46D0-B470-7B6FD8445927}.Release|Any CPU.ActiveCfg = Release|Any CPU
		{E91680C7-C4E2-46D0-B470-7B6FD8445927}.Release|Any CPU.Build.0 = Release|Any CPU
	EndGlobalSection
	GlobalSection(SolutionProperties) = preSolution
		HideSolutionNode = FALSE
	EndGlobalSection
	GlobalSection(ExtensibilityGlobals) = postSolution
		SolutionGuid = {FD6BE8CF-8AD0-41CC-A1C1-330E7D4B3EBE}
	EndGlobalSection
EndGlobal
